Microsoft Visual Studio Solution File, Format Version 12.00
# Visual Studio Version 17
VisualStudioVersion = 17.5.2.0
MinimumVisualStudioVersion = 10.0.40219.1
Project("{FAE04EC0-301F-11D3-BF4B-00C04F79EFBC}") = "Op20_Mqtt_API", "Op20_Mqtt_API\Op20_Mqtt_API.csproj", "{31E2A614-0E36-154B-21DF-13E8FB6A00E7}"
EndProject
Global
	GlobalSection(SolutionConfigurationPlatforms) = preSolution
		Debug|Any CPU = Debug|Any CPU
		Release|Any CPU = Release|Any CPU
	EndGlobalSection
	GlobalSection(ProjectConfigurationPlatforms) = postSolution
		{31E2A614-0E36-154B-21DF-13E8FB6A00E7}.Debug|Any CPU.ActiveCfg = Debug|Any CPU
		{31E2A614-0E36-154B-21DF-13E8FB6A00E7}.Debug|Any CPU.Build.0 = Debug|Any CPU
		{31E2A614-0E36-154B-21DF-13E8FB6A00E7}.Release|Any CPU.ActiveCfg = Release|Any CPU
		{31E2A614-0E36-154B-21DF-13E8FB6A00E7}.Release|Any CPU.Build.0 = Release|Any CPU
	EndGlobalSection
	GlobalSection(SolutionProperties) = preSolution
		HideSolutionNode = FALSE
	EndGlobalSection
	GlobalSection(ExtensibilityGlobals) = postSolution
		SolutionGuid = {6F1F6613-C761-4566-9BCF-E304DAB0C883}
	EndGlobalSection
EndGlobal
